
Microsoft Visual Studio Solution File, Format Version 12.00
# Visual Studio Version 17
VisualStudioVersion = 17.5.33516.290
MinimumVisualStudioVersion = 10.0.40219.1
Project("{FAE04EC0-301F-11D3-BF4B-00C04F79EFBC}") = "Task1_1", "Task1_1_NET8\Task1_1.csproj", "{17F06DD3-C505-46C7-B3DE-39F10F592D35}"
EndProject
Project("{FAE04EC0-301F-11D3-BF4B-00C04F79EFBC}") = "Task1_2_1", "Task1_2_1\Task1_2_1.csproj", "{39FED13B-83AE-4ECE-A974-C2272A14AF29}"
EndProject
Project("{FAE04EC0-301F-11D3-BF4B-00C04F79EFBC}") = "Task1_2_2", "Task1_2_2\Task1_2_2.csproj", "{0F9F8243-E283-4456-928D-ABA23919DA53}"
EndProject
Project("{FAE04EC0-301F-11D3-BF4B-00C04F79EFBC}") = "Task1_2_3", "Task1_2_3\Task1_2_3.csproj", "{71908069-CE0A-44C0-B4AD-F28722D3BD81}"
EndProject
Project("{FAE04EC0-301F-11D3-BF4B-00C04F79EFBC}") = "Task1_2_4", "Task1_2_4\Task1_2_4.csproj", "{30271AD4-1291-4B5F-8E6E-E316DE1B7CDE}"
EndProject
Project("{FAE04EC0-301F-11D3-BF4B-00C04F79EFBC}") = "Task1_2_5", "Task1_2_5\Task1_2_5.csproj", "{11825D3A-50D1-48C2-B461-1DCB6EDEB54E}"
EndProject
Project("{2150E333-8FDC-42A3-9474-1A3956D46DE8}") = "Элементы решения", "Элементы решения", "{E64D6BF5-F83B-4412-AE8F-A201032221A5}"
EndProject
Project("{FAE04EC0-301F-11D3-BF4B-00C04F79EFBC}") = "Task1_2-7_со_звездочкой", "Task1_2-7_со_звездочкой\Task1_2-7_со_звездочкой.csproj", "{998D8E60-77F6-4B0D-95B2-CC716BB4A343}"
EndProject
Project("{FAE04EC0-301F-11D3-BF4B-00C04F79EFBC}") = "Task1_2-6_со_зведочкой", "Task1_2-6_со_зведочкой\Task1_2-6_со_зведочкой.csproj", "{21CB21CB-9B50-4DED-B224-73F77A4ABEC2}"
EndProject
Project("{FAE04EC0-301F-11D3-BF4B-00C04F79EFBC}") = "Task3_1", "Task2-1\Task3_1.csproj", "{2B65A79B-0E76-4702-9A56-2B06D69E06EC}"
EndProject
Project("{FAE04EC0-301F-11D3-BF4B-00C04F79EFBC}") = "Task3_2", "Task3_2\Task3_2.csproj", "{94CD80A2-581B-4942-9C82-DDAED8FB4617}"
EndProject
Project("{FAE04EC0-301F-11D3-BF4B-00C04F79EFBC}") = "Task3_3", "Task3_3\Task3_3.csproj", "{B289834D-389B-4840-A41B-021373D13AE4}"
EndProject
Project("{FAE04EC0-301F-11D3-BF4B-00C04F79EFBC}") = "Task3_4", "Task3_4\Task3_4.csproj", "{CA348183-D75F-4655-B039-CD6490BF5237}"
EndProject
Project("{FAE04EC0-301F-11D3-BF4B-00C04F79EFBC}") = "Task3_5", "Task3_5\Task3_5.csproj", "{830A58B8-0251-42B9-BA3D-A837CA01E75D}"
EndProject
Project("{FAE04EC0-301F-11D3-BF4B-00C04F79EFBC}") = "Task3_6", "Task3_6\Task3_6.csproj", "{44A222E6-6EDA-448D-99F5-DA3FFCCE2DBB}"
EndProject
Project("{FAE04EC0-301F-11D3-BF4B-00C04F79EFBC}") = "Task3_7", "Task3_7\Task3_7.csproj", "{46914FB3-9586-4642-988B-F0DE5C2F35C2}"
EndProject
Project("{FAE04EC0-301F-11D3-BF4B-00C04F79EFBC}") = "Task3_8", "Task3_8\Task3_8.csproj", "{81324169-7B9C-473C-9925-14AD724BEAE4}"
EndProject
Project("{FAE04EC0-301F-11D3-BF4B-00C04F79EFBC}") = "Task3_9", "Task3_9\Task3_9.csproj", "{AF29464B-F0D8-437F-A034-AC4796DB2C2E}"
EndProject
Project("{FAE04EC0-301F-11D3-BF4B-00C04F79EFBC}") = "Task3_10", "Task3_10\Task3_10.csproj", "{6136821D-34F8-4BF6-B80D-C34656CF5DF5}"
EndProject
Project("{FAE04EC0-301F-11D3-BF4B-00C04F79EFBC}") = "Task3_11", "Task3_11\Task3_11.csproj", "{8E2D9FC3-B587-42D4-BBD2-D180FE744809}"
EndProject
Project("{FAE04EC0-301F-11D3-BF4B-00C04F79EFBC}") = "Task3_12", "Task3_12\Task3_12.csproj", "{0773174F-3586-4AFA-A0A4-2769FDF59206}"
EndProject
Project("{FAE04EC0-301F-11D3-BF4B-00C04F79EFBC}") = "Task4_1", "Task4_1\Task4_1.csproj", "{9C444FF3-D759-41F5-AAD8-AA5A000DB5AA}"
EndProject
Project("{FAE04EC0-301F-11D3-BF4B-00C04F79EFBC}") = "Task4_2", "Task4_2\Task4_2.csproj", "{E51C1BB1-BD2B-48F3-B871-8548209E6A7C}"
EndProject
Project("{FAE04EC0-301F-11D3-BF4B-00C04F79EFBC}") = "Task4_3", "Task4_3\Task4_3.csproj", "{6AA64C44-E2DD-4537-A6B4-BCD3219BE52C}"
EndProject
Project("{FAE04EC0-301F-11D3-BF4B-00C04F79EFBC}") = "Task4_4", "Task4_4\Task4_4.csproj", "{3232A401-9D46-4906-A875-19770BD5E8A7}"
EndProject
Project("{FAE04EC0-301F-11D3-BF4B-00C04F79EFBC}") = "Task4_5", "Task4_5\Task4_5.csproj", "{F2615683-4E39-4FD2-BE67-758B7BC1DB35}"
EndProject
Project("{FAE04EC0-301F-11D3-BF4B-00C04F79EFBC}") = "Task4_6", "Task4_6\Task4_6.csproj", "{AA4B98AD-4C9F-4177-824E-3F0CEDBB58E5}"
EndProject
Project("{FAE04EC0-301F-11D3-BF4B-00C04F79EFBC}") = "Task4_7", "Task4_7\Task4_7.csproj", "{CAEF3AFE-E138-465A-8BFF-2CF1EBC948EA}"
EndProject
Global
	GlobalSection(SolutionConfigurationPlatforms) = preSolution
		Debug|Any CPU = Debug|Any CPU
		Release|Any CPU = Release|Any CPU
	EndGlobalSection
	GlobalSection(ProjectConfigurationPlatforms) = postSolution
		{17F06DD3-C505-46C7-B3DE-39F10F592D35}.Debug|Any CPU.ActiveCfg = Debug|Any CPU
		{17F06DD3-C505-46C7-B3DE-39F10F592D35}.Debug|Any CPU.Build.0 = Debug|Any CPU
		{17F06DD3-C505-46C7-B3DE-39F10F592D35}.Release|Any CPU.ActiveCfg = Release|Any CPU
		{17F06DD3-C505-46C7-B3DE-39F10F592D35}.Release|Any CPU.Build.0 = Release|Any CPU
		{39FED13B-83AE-4ECE-A974-C2272A14AF29}.Debug|Any CPU.ActiveCfg = Debug|Any CPU
		{39FED13B-83AE-4ECE-A974-C2272A14AF29}.Debug|Any CPU.Build.0 = Debug|Any CPU
		{39FED13B-83AE-4ECE-A974-C2272A14AF29}.Release|Any CPU.ActiveCfg = Release|Any CPU
		{39FED13B-83AE-4ECE-A974-C2272A14AF29}.Release|Any CPU.Build.0 = Release|Any CPU
		{0F9F8243-E283-4456-928D-ABA23919DA53}.Debug|Any CPU.ActiveCfg = Debug|Any CPU
		{0F9F8243-E283-4456-928D-ABA23919DA53}.Debug|Any CPU.Build.0 = Debug|Any CPU
		{0F9F8243-E283-4456-928D-ABA23919DA53}.Release|Any CPU.ActiveCfg = Release|Any CPU
		{0F9F8243-E283-4456-928D-ABA23919DA53}.Release|Any CPU.Build.0 = Release|Any CPU
		{71908069-CE0A-44C0-B4AD-F28722D3BD81}.Debug|Any CPU.ActiveCfg = Debug|Any CPU
		{71908069-CE0A-44C0-B4AD-F28722D3BD81}.Debug|Any CPU.Build.0 = Debug|Any CPU
		{71908069-CE0A-44C0-B4AD-F28722D3BD81}.Release|Any CPU.ActiveCfg = Release|Any CPU
		{71908069-CE0A-44C0-B4AD-F28722D3BD81}.Release|Any CPU.Build.0 = Release|Any CPU
		{30271AD4-1291-4B5F-8E6E-E316DE1B7CDE}.Debug|Any CPU.ActiveCfg = Debug|Any CPU
		{30271AD4-1291-4B5F-8E6E-E316DE1B7CDE}.Debug|Any CPU.Build.0 = Debug|Any CPU
		{30271AD4-1291-4B5F-8E6E-E316DE1B7CDE}.Release|Any CPU.ActiveCfg = Release|Any CPU
		{30271AD4-1291-4B5F-8E6E-E316DE1B7CDE}.Release|Any CPU.Build.0 = Release|Any CPU
		{11825D3A-50D1-48C2-B461-1DCB6EDEB54E}.Debug|Any CPU.ActiveCfg = Debug|Any CPU
		{11825D3A-50D1-48C2-B461-1DCB6EDEB54E}.Debug|Any CPU.Build.0 = Debug|Any CPU
		{11825D3A-50D1-48C2-B461-1DCB6EDEB54E}.Release|Any CPU.ActiveCfg = Release|Any CPU
		{11825D3A-50D1-48C2-B461-1DCB6EDEB54E}.Release|Any CPU.Build.0 = Release|Any CPU
		{998D8E60-77F6-4B0D-95B2-CC716BB4A343}.Debug|Any CPU.ActiveCfg = Debug|Any CPU
		{998D8E60-77F6-4B0D-95B2-CC716BB4A343}.Debug|Any CPU.Build.0 = Debug|Any CPU
		{998D8E60-77F6-4B0D-95B2-CC716BB4A343}.Release|Any CPU.ActiveCfg = Release|Any CPU
		{998D8E60-77F6-4B0D-95B2-CC716BB4A343}.Release|Any CPU.Build.0 = Release|Any CPU
		{21CB21CB-9B50-4DED-B224-73F77A4ABEC2}.Debug|Any CPU.ActiveCfg = Debug|Any CPU
		{21CB21CB-9B50-4DED-B224-73F77A4ABEC2}.Debug|Any CPU.Build.0 = Debug|Any CPU
		{21CB21CB-9B50-4DED-B224-73F77A4ABEC2}.Release|Any CPU.ActiveCfg = Release|Any CPU
		{21CB21CB-9B50-4DED-B224-73F77A4ABEC2}.Release|Any CPU.Build.0 = Release|Any CPU
		{2B65A79B-0E76-4702-9A56-2B06D69E06EC}.Debug|Any CPU.ActiveCfg = Debug|Any CPU
		{2B65A79B-0E76-4702-9A56-2B06D69E06EC}.Debug|Any CPU.Build.0 = Debug|Any CPU
		{2B65A79B-0E76-4702-9A56-2B06D69E06EC}.Release|Any CPU.ActiveCfg = Release|Any CPU
		{2B65A79B-0E76-4702-9A56-2B06D69E06EC}.Release|Any CPU.Build.0 = Release|Any CPU
		{94CD80A2-581B-4942-9C82-DDAED8FB4617}.Debug|Any CPU.ActiveCfg = Debug|Any CPU
		{94CD80A2-581B-4942-9C82-DDAED8FB4617}.Debug|Any CPU.Build.0 = Debug|Any CPU
		{94CD80A2-581B-4942-9C82-DDAED8FB4617}.Release|Any CPU.ActiveCfg = Release|Any CPU
		{94CD80A2-581B-4942-9C82-DDAED8FB4617}.Release|Any CPU.Build.0 = Release|Any CPU
		{B289834D-389B-4840-A41B-021373D13AE4}.Debug|Any CPU.ActiveCfg = Debug|Any CPU
		{B289834D-389B-4840-A41B-021373D13AE4}.Debug|Any CPU.Build.0 = Debug|Any CPU
		{B289834D-389B-4840-A41B-021373D13AE4}.Release|Any CPU.ActiveCfg = Release|Any CPU
		{B289834D-389B-4840-A41B-021373D13AE4}.Release|Any CPU.Build.0 = Release|Any CPU
		{CA348183-D75F-4655-B039-CD6490BF5237}.Debug|Any CPU.ActiveCfg = Debug|Any CPU
		{CA348183-D75F-4655-B039-CD6490BF5237}.Debug|Any CPU.Build.0 = Debug|Any CPU
		{CA348183-D75F-4655-B039-CD6490BF5237}.Release|Any CPU.ActiveCfg = Release|Any CPU
		{CA348183-D75F-4655-B039-CD6490BF5237}.Release|Any CPU.Build.0 = Release|Any CPU
		{830A58B8-0251-42B9-BA3D-A837CA01E75D}.Debug|Any CPU.ActiveCfg = Debug|Any CPU
		{830A58B8-0251-42B9-BA3D-A837CA01E75D}.Debug|Any CPU.Build.0 = Debug|Any CPU
		{830A58B8-0251-42B9-BA3D-A837CA01E75D}.Release|Any CPU.ActiveCfg = Release|Any CPU
		{830A58B8-0251-42B9-BA3D-A837CA01E75D}.Release|Any CPU.Build.0 = Release|Any CPU
		{44A222E6-6EDA-448D-99F5-DA3FFCCE2DBB}.Debug|Any CPU.ActiveCfg = Debug|Any CPU
		{44A222E6-6EDA-448D-99F5-DA3FFCCE2DBB}.Debug|Any CPU.Build.0 = Debug|Any CPU
		{44A222E6-6EDA-448D-99F5-DA3FFCCE2DBB}.Release|Any CPU.ActiveCfg = Release|Any CPU
		{44A222E6-6EDA-448D-99F5-DA3FFCCE2DBB}.Release|Any CPU.Build.0 = Release|Any CPU
		{46914FB3-9586-4642-988B-F0DE5C2F35C2}.Debug|Any CPU.ActiveCfg = Debug|Any CPU
		{46914FB3-9586-4642-988B-F0DE5C2F35C2}.Debug|Any CPU.Build.0 = Debug|Any CPU
		{46914FB3-9586-4642-988B-F0DE5C2F35C2}.Release|Any CPU.ActiveCfg = Release|Any CPU
		{46914FB3-9586-4642-988B-F0DE5C2F35C2}.Release|Any CPU.Build.0 = Release|Any CPU
		{81324169-7B9C-473C-9925-14AD724BEAE4}.Debug|Any CPU.ActiveCfg = Debug|Any CPU
		{81324169-7B9C-473C-9925-14AD724BEAE4}.Debug|Any CPU.Build.0 = Debug|Any CPU
		{81324169-7B9C-473C-9925-14AD724BEAE4}.Release|Any CPU.ActiveCfg = Release|Any CPU
		{81324169-7B9C-473C-9925-14AD724BEAE4}.Release|Any CPU.Build.0 = Release|Any CPU
		{AF29464B-F0D8-437F-A034-AC4796DB2C2E}.Debug|Any CPU.ActiveCfg = Debug|Any CPU
		{AF29464B-F0D8-437F-A034-AC4796DB2C2E}.Debug|Any CPU.Build.0 = Debug|Any CPU
		{AF29464B-F0D8-437F-A034-AC4796DB2C2E}.Release|Any CPU.ActiveCfg = Release|Any CPU
		{AF29464B-F0D8-437F-A034-AC4796DB2C2E}.Release|Any CPU.Build.0 = Release|Any CPU
		{6136821D-34F8-4BF6-B80D-C34656CF5DF5}.Debug|Any CPU.ActiveCfg = Debug|Any CPU
		{6136821D-34F8-4BF6-B80D-C34656CF5DF5}.Debug|Any CPU.Build.0 = Debug|Any CPU
		{6136821D-34F8-4BF6-B80D-C34656CF5DF5}.Release|Any CPU.ActiveCfg = Release|Any CPU
		{6136821D-34F8-4BF6-B80D-C34656CF5DF5}.Release|Any CPU.Build.0 = Release|Any CPU
		{8E2D9FC3-B587-42D4-BBD2-D180FE744809}.Debug|Any CPU.ActiveCfg = Debug|Any CPU
		{8E2D9FC3-B587-42D4-BBD2-D180FE744809}.Debug|Any CPU.Build.0 = Debug|Any CPU
		{8E2D9FC3-B587-42D4-BBD2-D180FE744809}.Release|Any CPU.ActiveCfg = Release|Any CPU
		{8E2D9FC3-B587-42D4-BBD2-D180FE744809}.Release|Any CPU.Build.0 = Release|Any CPU
		{0773174F-3586-4AFA-A0A4-2769FDF59206}.Debug|Any CPU.ActiveCfg = Debug|Any CPU
		{0773174F-3586-4AFA-A0A4-2769FDF59206}.Debug|Any CPU.Build.0 = Debug|Any CPU
		{0773174F-3586-4AFA-A0A4-2769FDF59206}.Release|Any CPU.ActiveCfg = Release|Any CPU
		{0773174F-3586-4AFA-A0A4-2769FDF59206}.Release|Any CPU.Build.0 = Release|Any CPU
		{9C444FF3-D759-41F5-AAD8-AA5A000DB5AA}.Debug|Any CPU.ActiveCfg = Debug|Any CPU
		{9C444FF3-D759-41F5-AAD8-AA5A000DB5AA}.Debug|Any CPU.Build.0 = Debug|Any CPU
		{9C444FF3-D759-41F5-AAD8-AA5A000DB5AA}.Release|Any CPU.ActiveCfg = Release|Any CPU
		{9C444FF3-D759-41F5-AAD8-AA5A000DB5AA}.Release|Any CPU.Build.0 = Release|Any CPU
		{E51C1BB1-BD2B-48F3-B871-8548209E6A7C}.Debug|Any CPU.ActiveCfg = Debug|Any CPU
		{E51C1BB1-BD2B-48F3-B871-8548209E6A7C}.Debug|Any CPU.Build.0 = Debug|Any CPU
		{E51C1BB1-BD2B-48F3-B871-8548209E6A7C}.Release|Any CPU.ActiveCfg = Release|Any CPU
		{E51C1BB1-BD2B-48F3-B871-8548209E6A7C}.Release|Any CPU.Build.0 = Release|Any CPU
		{6AA64C44-E2DD-4537-A6B4-BCD3219BE52C}.Debug|Any CPU.ActiveCfg = Debug|Any CPU
		{6AA64C44-E2DD-4537-A6B4-BCD3219BE52C}.Debug|Any CPU.Build.0 = Debug|Any CPU
		{6AA64C44-E2DD-4537-A6B4-BCD3219BE52C}.Release|Any CPU.ActiveCfg = Release|Any CPU
		{6AA64C44-E2DD-4537-A6B4-BCD3219BE52C}.Release|Any CPU.Build.0 = Release|Any CPU
		{3232A401-9D46-4906-A875-19770BD5E8A7}.Debug|Any CPU.ActiveCfg = Debug|Any CPU
		{3232A401-9D46-4906-A875-19770BD5E8A7}.Debug|Any CPU.Build.0 = Debug|Any CPU
		{3232A401-9D46-4906-A875-19770BD5E8A7}.Release|Any CPU.ActiveCfg = Release|Any CPU
		{3232A401-9D46-4906-A875-19770BD5E8A7}.Release|Any CPU.Build.0 = Release|Any CPU
		{F2615683-4E39-4FD2-BE67-758B7BC1DB35}.Debug|Any CPU.ActiveCfg = Debug|Any CPU
		{F2615683-4E39-4FD2-BE67-758B7BC1DB35}.Debug|Any CPU.Build.0 = Debug|Any CPU
		{F2615683-4E39-4FD2-BE67-758B7BC1DB35}.Release|Any CPU.ActiveCfg = Release|Any CPU
		{F2615683-4E39-4FD2-BE67-758B7BC1DB35}.Release|Any CPU.Build.0 = Release|Any CPU
		{AA4B98AD-4C9F-4177-824E-3F0CEDBB58E5}.Debug|Any CPU.ActiveCfg = Debug|Any CPU
		{AA4B98AD-4C9F-4177-824E-3F0CEDBB58E5}.Debug|Any CPU.Build.0 = Debug|Any CPU
		{AA4B98AD-4C9F-4177-824E-3F0CEDBB58E5}.Release|Any CPU.ActiveCfg = Release|Any CPU
		{AA4B98AD-4C9F-4177-824E-3F0CEDBB58E5}.Release|Any CPU.Build.0 = Release|Any CPU
		{CAEF3AFE-E138-465A-8BFF-2CF1EBC948EA}.Debug|Any CPU.ActiveCfg = Debug|Any CPU
		{CAEF3AFE-E138-465A-8BFF-2CF1EBC948EA}.Debug|Any CPU.Build.0 = Debug|Any CPU
		{CAEF3AFE-E138-465A-8BFF-2CF1EBC948EA}.Release|Any CPU.ActiveCfg = Release|Any CPU
		{CAEF3AFE-E138-465A-8BFF-2CF1EBC948EA}.Release|Any CPU.Build.0 = Release|Any CPU
	EndGlobalSection
	GlobalSection(SolutionProperties) = preSolution
		HideSolutionNode = FALSE
	EndGlobalSection
	GlobalSection(ExtensibilityGlobals) = postSolution
		SolutionGuid = {36F2E71A-B162-4D62-B85B-4EDF7D92A602}
	EndGlobalSection
EndGlobal
