
Microsoft Visual Studio Solution File, Format Version 12.00
# Visual Studio Version 17
VisualStudioVersion = 17.5.33516.290
MinimumVisualStudioVersion = 10.0.40219.1
Project("{FAE04EC0-301F-11D3-BF4B-00C04F79EFBC}") = "Task1_1", "Task1_1_NET8\Task1_1.csproj", "{17F06DD3-C505-46C7-B3DE-39F10F592D35}"
EndProject
Project("{FAE04EC0-301F-11D3-BF4B-00C04F79EFBC}") = "Task1_2_1", "Task1_2_1\Task1_2_1.csproj", "{39FED13B-83AE-4ECE-A974-C2272A14AF29}"
EndProject
Project("{FAE04EC0-301F-11D3-BF4B-00C04F79EFBC}") = "Task1_2_2", "Task1_2_2\Task1_2_2.csproj", "{0F9F8243-E283-4456-928D-ABA23919DA53}"
EndProject
Project("{FAE04EC0-301F-11D3-BF4B-00C04F79EFBC}") = "Task1_2_3", "Task1_2_3\Task1_2_3.csproj", "{71908069-CE0A-44C0-B4AD-F28722D3BD81}"
EndProject
Project("{FAE04EC0-301F-11D3-BF4B-00C04F79EFBC}") = "Task1_2_4", "Task1_2_4\Task1_2_4.csproj", "{30271AD4-1291-4B5F-8E6E-E316DE1B7CDE}"
EndProject
Project("{FAE04EC0-301F-11D3-BF4B-00C04F79EFBC}") = "Task1_2_5", "Task1_2_5\Task1_2_5.csproj", "{11825D3A-50D1-48C2-B461-1DCB6EDEB54E}"
EndProject
Global
	GlobalSection(SolutionConfigurationPlatforms) = preSolution
		Debug|Any CPU = Debug|Any CPU
		Release|Any CPU = Release|Any CPU
	EndGlobalSection
	GlobalSection(ProjectConfigurationPlatforms) = postSolution
		{17F06DD3-C505-46C7-B3DE-39F10F592D35}.Debug|Any CPU.ActiveCfg = Debug|Any CPU
		{17F06DD3-C505-46C7-B3DE-39F10F592D35}.Debug|Any CPU.Build.0 = Debug|Any CPU
		{17F06DD3-C505-46C7-B3DE-39F10F592D35}.Release|Any CPU.ActiveCfg = Release|Any CPU
		{17F06DD3-C505-46C7-B3DE-39F10F592D35}.Release|Any CPU.Build.0 = Release|Any CPU
		{39FED13B-83AE-4ECE-A974-C2272A14AF29}.Debug|Any CPU.ActiveCfg = Debug|Any CPU
		{39FED13B-83AE-4ECE-A974-C2272A14AF29}.Debug|Any CPU.Build.0 = Debug|Any CPU
		{39FED13B-83AE-4ECE-A974-C2272A14AF29}.Release|Any CPU.ActiveCfg = Release|Any CPU
		{39FED13B-83AE-4ECE-A974-C2272A14AF29}.Release|Any CPU.Build.0 = Release|Any CPU
		{0F9F8243-E283-4456-928D-ABA23919DA53}.Debug|Any CPU.ActiveCfg = Debug|Any CPU
		{0F9F8243-E283-4456-928D-ABA23919DA53}.Debug|Any CPU.Build.0 = Debug|Any CPU
		{0F9F8243-E283-4456-928D-ABA23919DA53}.Release|Any CPU.ActiveCfg = Release|Any CPU
		{0F9F8243-E283-4456-928D-ABA23919DA53}.Release|Any CPU.Build.0 = Release|Any CPU
		{71908069-CE0A-44C0-B4AD-F28722D3BD81}.Debug|Any CPU.ActiveCfg = Debug|Any CPU
		{71908069-CE0A-44C0-B4AD-F28722D3BD81}.Debug|Any CPU.Build.0 = Debug|Any CPU
		{71908069-CE0A-44C0-B4AD-F28722D3BD81}.Release|Any CPU.ActiveCfg = Release|Any CPU
		{71908069-CE0A-44C0-B4AD-F28722D3BD81}.Release|Any CPU.Build.0 = Release|Any CPU
		{30271AD4-1291-4B5F-8E6E-E316DE1B7CDE}.Debug|Any CPU.ActiveCfg = Debug|Any CPU
		{30271AD4-1291-4B5F-8E6E-E316DE1B7CDE}.Debug|Any CPU.Build.0 = Debug|Any CPU
		{30271AD4-1291-4B5F-8E6E-E316DE1B7CDE}.Release|Any CPU.ActiveCfg = Release|Any CPU
		{30271AD4-1291-4B5F-8E6E-E316DE1B7CDE}.Release|Any CPU.Build.0 = Release|Any CPU
		{11825D3A-50D1-48C2-B461-1DCB6EDEB54E}.Debug|Any CPU.ActiveCfg = Debug|Any CPU
		{11825D3A-50D1-48C2-B461-1DCB6EDEB54E}.Debug|Any CPU.Build.0 = Debug|Any CPU
		{11825D3A-50D1-48C2-B461-1DCB6EDEB54E}.Release|Any CPU.ActiveCfg = Release|Any CPU
		{11825D3A-50D1-48C2-B461-1DCB6EDEB54E}.Release|Any CPU.Build.0 = Release|Any CPU
	EndGlobalSection
	GlobalSection(SolutionProperties) = preSolution
		HideSolutionNode = FALSE
	EndGlobalSection
	GlobalSection(ExtensibilityGlobals) = postSolution
		SolutionGuid = {36F2E71A-B162-4D62-B85B-4EDF7D92A602}
	EndGlobalSection
EndGlobal
